
Microsoft Visual Studio Solution File, Format Version 12.00
# Visual Studio Version 16
VisualStudioVersion = 16.0.31515.178
MinimumVisualStudioVersion = 10.0.40219.1
Project("{FAE04EC0-301F-11D3-BF4B-00C04F79EFBC}") = "addressbook-web-tests", "addressbook-web-tests.csproj", "{C9318E94-7002-44E8-8823-8B3B0EC676ED}"
EndProject
Global
	GlobalSection(SolutionConfigurationPlatforms) = preSolution
		Debug|Any CPU = Debug|Any CPU
		Release|Any CPU = Release|Any CPU
	EndGlobalSection
	GlobalSection(ProjectConfigurationPlatforms) = postSolution
		{C9318E94-7002-44E8-8823-8B3B0EC676ED}.Debug|Any CPU.ActiveCfg = Debug|Any CPU
		{C9318E94-7002-44E8-8823-8B3B0EC676ED}.Debug|Any CPU.Build.0 = Debug|Any CPU
		{C9318E94-7002-44E8-8823-8B3B0EC676ED}.Release|Any CPU.ActiveCfg = Release|Any CPU
		{C9318E94-7002-44E8-8823-8B3B0EC676ED}.Release|Any CPU.Build.0 = Release|Any CPU
	EndGlobalSection
	GlobalSection(SolutionProperties) = preSolution
		HideSolutionNode = FALSE
	EndGlobalSection
	GlobalSection(ExtensibilityGlobals) = postSolution
		SolutionGuid = {4C5FA68D-29C8-4B40-8DD8-B8D1AE5DAD3E}
	EndGlobalSection
EndGlobal
